
Microsoft Visual Studio Solution File, Format Version 11.00
# Visual Studio 2010
Project("{FAE04EC0-301F-11D3-BF4B-00C04F79EFBC}") = "WpfApplication77", "WpfApplication77\WpfApplication77.csproj", "{D3260F0D-736B-4C65-A2F7-9EEC76A2C94D}"
EndProject
Global
	GlobalSection(SolutionConfigurationPlatforms) = preSolution
		Debug|x86 = Debug|x86
		Release|x86 = Release|x86
	EndGlobalSection
	GlobalSection(ProjectConfigurationPlatforms) = postSolution
		{D3260F0D-736B-4C65-A2F7-9EEC76A2C94D}.Debug|x86.ActiveCfg = Debug|x86
		{D3260F0D-736B-4C65-A2F7-9EEC76A2C94D}.Debug|x86.Build.0 = Debug|x86
		{D3260F0D-736B-4C65-A2F7-9EEC76A2C94D}.Release|x86.ActiveCfg = Release|x86
		{D3260F0D-736B-4C65-A2F7-9EEC76A2C94D}.Release|x86.Build.0 = Release|x86
	EndGlobalSection
	GlobalSection(SolutionProperties) = preSolution
		HideSolutionNode = FALSE
	EndGlobalSection
EndGlobal
